
Microsoft Visual Studio Solution File, Format Version 12.00
# Visual Studio Version 16
VisualStudioVersion = 16.0.29209.62
MinimumVisualStudioVersion = 10.0.40219.1
Project("{FAE04EC0-301F-11D3-BF4B-00C04F79EFBC}") = "GameOfSticksAI", "GameOfSticksAI\GameOfSticksAI.csproj", "{C916E101-8A94-45E5-8C72-35609AD334A7}"
EndProject
Project("{FAE04EC0-301F-11D3-BF4B-00C04F79EFBC}") = "GameOfSticksTests", "GameOfSticksTests\GameOfSticksTests.csproj", "{9049DD27-67EC-4C26-BE3D-0F584B09845F}"
EndProject
Global
	GlobalSection(SolutionConfigurationPlatforms) = preSolution
		Debug|Any CPU = Debug|Any CPU
		Release|Any CPU = Release|Any CPU
	EndGlobalSection
	GlobalSection(ProjectConfigurationPlatforms) = postSolution
		{C916E101-8A94-45E5-8C72-35609AD334A7}.Debug|Any CPU.ActiveCfg = Debug|Any CPU
		{C916E101-8A94-45E5-8C72-35609AD334A7}.Debug|Any CPU.Build.0 = Debug|Any CPU
		{C916E101-8A94-45E5-8C72-35609AD334A7}.Release|Any CPU.ActiveCfg = Release|Any CPU
		{C916E101-8A94-45E5-8C72-35609AD334A7}.Release|Any CPU.Build.0 = Release|Any CPU
		{9049DD27-67EC-4C26-BE3D-0F584B09845F}.Debug|Any CPU.ActiveCfg = Debug|Any CPU
		{9049DD27-67EC-4C26-BE3D-0F584B09845F}.Debug|Any CPU.Build.0 = Debug|Any CPU
		{9049DD27-67EC-4C26-BE3D-0F584B09845F}.Release|Any CPU.ActiveCfg = Release|Any CPU
		{9049DD27-67EC-4C26-BE3D-0F584B09845F}.Release|Any CPU.Build.0 = Release|Any CPU
	EndGlobalSection
	GlobalSection(SolutionProperties) = preSolution
		HideSolutionNode = FALSE
	EndGlobalSection
	GlobalSection(ExtensibilityGlobals) = postSolution
		SolutionGuid = {1AD921C7-9206-4CC4-BCB5-9C3AF732C77F}
	EndGlobalSection
EndGlobal
